
Microsoft Visual Studio Solution File, Format Version 12.00
# Visual Studio Version 17
VisualStudioVersion = 17.0.31903.59
MinimumVisualStudioVersion = 10.0.40219.1
Project("{2150E333-8FDC-42A3-9474-1A3956D46DE8}") = "src", "src", "{9D99938D-5FF5-48BE-9DE6-479144FA69D8}"
EndProject
Project("{FAE04EC0-301F-11D3-BF4B-00C04F79EFBC}") = "Api", "src\Api\Api.csproj", "{41C80898-AE84-406B-821E-D34F65DD700F}"
EndProject
Project("{2150E333-8FDC-42A3-9474-1A3956D46DE8}") = "tests", "tests", "{4754E5E9-AAC4-4A8E-B322-1E55A095BB3B}"
EndProject
Project("{FAE04EC0-301F-11D3-BF4B-00C04F79EFBC}") = "Api.Tests", "tests\Api.Tests\Api.Tests.csproj", "{20EFA231-FF91-4972-BB2D-C8041CC0B14C}"
EndProject
Global
	GlobalSection(SolutionConfigurationPlatforms) = preSolution
		Debug|Any CPU = Debug|Any CPU
		Release|Any CPU = Release|Any CPU
	EndGlobalSection
	GlobalSection(SolutionProperties) = preSolution
		HideSolutionNode = FALSE
	EndGlobalSection
	GlobalSection(ProjectConfigurationPlatforms) = postSolution
		{41C80898-AE84-406B-821E-D34F65DD700F}.Debug|Any CPU.ActiveCfg = Debug|Any CPU
		{41C80898-AE84-406B-821E-D34F65DD700F}.Debug|Any CPU.Build.0 = Debug|Any CPU
		{41C80898-AE84-406B-821E-D34F65DD700F}.Release|Any CPU.ActiveCfg = Release|Any CPU
		{41C80898-AE84-406B-821E-D34F65DD700F}.Release|Any CPU.Build.0 = Release|Any CPU
		{20EFA231-FF91-4972-BB2D-C8041CC0B14C}.Debug|Any CPU.ActiveCfg = Debug|Any CPU
		{20EFA231-FF91-4972-BB2D-C8041CC0B14C}.Debug|Any CPU.Build.0 = Debug|Any CPU
		{20EFA231-FF91-4972-BB2D-C8041CC0B14C}.Release|Any CPU.ActiveCfg = Release|Any CPU
		{20EFA231-FF91-4972-BB2D-C8041CC0B14C}.Release|Any CPU.Build.0 = Release|Any CPU
	EndGlobalSection
	GlobalSection(NestedProjects) = preSolution
		{41C80898-AE84-406B-821E-D34F65DD700F} = {9D99938D-5FF5-48BE-9DE6-479144FA69D8}
		{20EFA231-FF91-4972-BB2D-C8041CC0B14C} = {4754E5E9-AAC4-4A8E-B322-1E55A095BB3B}
	EndGlobalSection
EndGlobal
